
Microsoft Visual Studio Solution File, Format Version 12.00
# Visual Studio Version 17
VisualStudioVersion = 17.6.33723.286
MinimumVisualStudioVersion = 10.0.40219.1
Project("{FAE04EC0-301F-11D3-BF4B-00C04F79EFBC}") = "Treino-POO5", "Treino-POO5\Treino-POO5.csproj", "{A58B1736-B574-435B-A987-5F7EAB57BC32}"
EndProject
Global
	GlobalSection(SolutionConfigurationPlatforms) = preSolution
		Debug|Any CPU = Debug|Any CPU
		Release|Any CPU = Release|Any CPU
	EndGlobalSection
	GlobalSection(ProjectConfigurationPlatforms) = postSolution
		{A58B1736-B574-435B-A987-5F7EAB57BC32}.Debug|Any CPU.ActiveCfg = Debug|Any CPU
		{A58B1736-B574-435B-A987-5F7EAB57BC32}.Debug|Any CPU.Build.0 = Debug|Any CPU
		{A58B1736-B574-435B-A987-5F7EAB57BC32}.Release|Any CPU.ActiveCfg = Release|Any CPU
		{A58B1736-B574-435B-A987-5F7EAB57BC32}.Release|Any CPU.Build.0 = Release|Any CPU
	EndGlobalSection
	GlobalSection(SolutionProperties) = preSolution
		HideSolutionNode = FALSE
	EndGlobalSection
	GlobalSection(ExtensibilityGlobals) = postSolution
		SolutionGuid = {285FB295-C54A-4956-BEA8-5FE8AF630194}
	EndGlobalSection
EndGlobal
